
Microsoft Visual Studio Solution File, Format Version 10.00
# Visual Studio 2008
Project("{FAE04EC0-301F-11D3-BF4B-00C04F79EFBC}") = "efl-sharp-common", "efl-sharp-common\efl-sharp-common.csproj", "{6CE939A7-3062-4E92-8930-A362A3D22175}"
EndProject
Project("{FAE04EC0-301F-11D3-BF4B-00C04F79EFBC}") = "evas-sharp", "evas-sharp\evas-sharp.csproj", "{6B76255B-9815-4456-873E-B942BB3CB98C}"
EndProject
Project("{FAE04EC0-301F-11D3-BF4B-00C04F79EFBC}") = "eina-sharp", "eina-sharp\eina-sharp.csproj", "{52CA6F81-2FB2-4C97-A090-1C3569729CC1}"
EndProject
Project("{FAE04EC0-301F-11D3-BF4B-00C04F79EFBC}") = "ecore-sharp", "ecore-sharp\ecore-sharp.csproj", "{4999F7EA-A306-462D-956A-3200DBD49DC7}"
EndProject
Project("{FAE04EC0-301F-11D3-BF4B-00C04F79EFBC}") = "ecoreevas-sharp", "ecoreevas-sharp\ecoreevas-sharp.csproj", "{FC72AE95-1AF5-4356-864B-52DDE500C5BD}"
EndProject
Project("{FAE04EC0-301F-11D3-BF4B-00C04F79EFBC}") = "edje-sharp", "edje-sharp\edje-sharp.csproj", "{AD091952-E800-42FD-87F8-56F3773C67FB}"
EndProject
Project("{FAE04EC0-301F-11D3-BF4B-00C04F79EFBC}") = "elementary-sharp", "elementary-sharp\elementary-sharp.csproj", "{4575945B-38A9-4DC5-954E-888C230FE7D3}"
EndProject
Project("{FAE04EC0-301F-11D3-BF4B-00C04F79EFBC}") = "efl-sharp-test", "efl-sharp-test\efl-sharp-test.csproj", "{7758C18E-A99B-4E57-AE58-1ED2660177CF}"
EndProject
Global
	GlobalSection(SolutionConfigurationPlatforms) = preSolution
		Debug|Any CPU = Debug|Any CPU
		Release|Any CPU = Release|Any CPU
	EndGlobalSection
	GlobalSection(ProjectConfigurationPlatforms) = postSolution
		{4575945B-38A9-4DC5-954E-888C230FE7D3}.Debug|Any CPU.ActiveCfg = Debug|Any CPU
		{4575945B-38A9-4DC5-954E-888C230FE7D3}.Debug|Any CPU.Build.0 = Debug|Any CPU
		{4575945B-38A9-4DC5-954E-888C230FE7D3}.Release|Any CPU.ActiveCfg = Release|Any CPU
		{4575945B-38A9-4DC5-954E-888C230FE7D3}.Release|Any CPU.Build.0 = Release|Any CPU
		{4999F7EA-A306-462D-956A-3200DBD49DC7}.Debug|Any CPU.ActiveCfg = Debug|Any CPU
		{4999F7EA-A306-462D-956A-3200DBD49DC7}.Debug|Any CPU.Build.0 = Debug|Any CPU
		{4999F7EA-A306-462D-956A-3200DBD49DC7}.Release|Any CPU.ActiveCfg = Release|Any CPU
		{4999F7EA-A306-462D-956A-3200DBD49DC7}.Release|Any CPU.Build.0 = Release|Any CPU
		{52CA6F81-2FB2-4C97-A090-1C3569729CC1}.Debug|Any CPU.ActiveCfg = Debug|Any CPU
		{52CA6F81-2FB2-4C97-A090-1C3569729CC1}.Debug|Any CPU.Build.0 = Debug|Any CPU
		{52CA6F81-2FB2-4C97-A090-1C3569729CC1}.Release|Any CPU.ActiveCfg = Release|Any CPU
		{52CA6F81-2FB2-4C97-A090-1C3569729CC1}.Release|Any CPU.Build.0 = Release|Any CPU
		{6B76255B-9815-4456-873E-B942BB3CB98C}.Debug|Any CPU.ActiveCfg = Debug|Any CPU
		{6B76255B-9815-4456-873E-B942BB3CB98C}.Debug|Any CPU.Build.0 = Debug|Any CPU
		{6B76255B-9815-4456-873E-B942BB3CB98C}.Release|Any CPU.ActiveCfg = Release|Any CPU
		{6B76255B-9815-4456-873E-B942BB3CB98C}.Release|Any CPU.Build.0 = Release|Any CPU
		{6CE939A7-3062-4E92-8930-A362A3D22175}.Debug|Any CPU.ActiveCfg = Debug|Any CPU
		{6CE939A7-3062-4E92-8930-A362A3D22175}.Debug|Any CPU.Build.0 = Debug|Any CPU
		{6CE939A7-3062-4E92-8930-A362A3D22175}.Release|Any CPU.ActiveCfg = Release|Any CPU
		{6CE939A7-3062-4E92-8930-A362A3D22175}.Release|Any CPU.Build.0 = Release|Any CPU
		{7758C18E-A99B-4E57-AE58-1ED2660177CF}.Debug|Any CPU.ActiveCfg = Debug|Any CPU
		{7758C18E-A99B-4E57-AE58-1ED2660177CF}.Debug|Any CPU.Build.0 = Debug|Any CPU
		{7758C18E-A99B-4E57-AE58-1ED2660177CF}.Release|Any CPU.ActiveCfg = Release|Any CPU
		{7758C18E-A99B-4E57-AE58-1ED2660177CF}.Release|Any CPU.Build.0 = Release|Any CPU
		{AD091952-E800-42FD-87F8-56F3773C67FB}.Debug|Any CPU.ActiveCfg = Debug|Any CPU
		{AD091952-E800-42FD-87F8-56F3773C67FB}.Debug|Any CPU.Build.0 = Debug|Any CPU
		{AD091952-E800-42FD-87F8-56F3773C67FB}.Release|Any CPU.ActiveCfg = Release|Any CPU
		{AD091952-E800-42FD-87F8-56F3773C67FB}.Release|Any CPU.Build.0 = Release|Any CPU
		{FC72AE95-1AF5-4356-864B-52DDE500C5BD}.Debug|Any CPU.ActiveCfg = Debug|Any CPU
		{FC72AE95-1AF5-4356-864B-52DDE500C5BD}.Debug|Any CPU.Build.0 = Debug|Any CPU
		{FC72AE95-1AF5-4356-864B-52DDE500C5BD}.Release|Any CPU.ActiveCfg = Release|Any CPU
		{FC72AE95-1AF5-4356-864B-52DDE500C5BD}.Release|Any CPU.Build.0 = Release|Any CPU
	EndGlobalSection
	GlobalSection(MonoDevelopProperties) = preSolution
		StartupItem = efl-sharp-test\efl-sharp-test.csproj
		Policies = $0
		$0.StandardHeader = $1
		$1.Text = @\n ${FileName}\n \n Author:\n      ${AuthorName} <${AuthorEmail}>\n\n Copyright (c) ${Year} ${CopyrightHolder}\n\n This library is free software; you can redistribute it and/or modify\n it under the terms of the GNU Lesser General Public License as\n published by the Free Software Foundation; either version 2.1 of the\n License, or (at your option) any later version.\n\n This library is distributed in the hope that it will be useful, but\n WITHOUT ANY WARRANTY; without even the implied warranty of\n MERCHANTABILITY or FITNESS FOR A PARTICULAR PURPOSE. See the GNU\n Lesser General Public License for more details.\n\n You should have received a copy of the GNU Lesser General Public\n License along with this library; if not, write to the Free Software\n Foundation, Inc., 59 Temple Place, Suite 330, Boston, MA 02111-1307 USA
		$1.IncludeInNewFiles = True
		$0.VersionControlPolicy = $2
		$2.inheritsSet = Mono
		$0.ChangeLogPolicy = $3
		$3.UpdateMode = None
		$3.MessageStyle = $4
		$4.LineAlign = 0
		$3.inheritsSet = Mono
	EndGlobalSection
EndGlobal
